
Microsoft Visual Studio Solution File, Format Version 12.00
# Visual Studio 2013
VisualStudioVersion = 12.0.30723.0
MinimumVisualStudioVersion = 10.0.40219.1
Project("{FAE04EC0-301F-11D3-BF4B-00C04F79EFBC}") = "WindInfo", "WindInfo\WindInfo.csproj", "{B7743785-70FD-41D9-9B27-0683EEFFEF5E}"
	ProjectSection(ProjectDependencies) = postProject
		{451AE6B8-7DE5-4D58-89D4-10F1963A54A5} = {451AE6B8-7DE5-4D58-89D4-10F1963A54A5}
	EndProjectSection
EndProject
Project("{FAE04EC0-301F-11D3-BF4B-00C04F79EFBC}") = "WindDataLib", "WindDataLib\WindDataLib.csproj", "{7EC3DEC4-C69E-4E47-961E-3B45C100D23E}"
EndProject
Project("{2150E333-8FDC-42A3-9474-1A3956D46DE8}") = ".nuget", ".nuget", "{7A424A83-5621-4997-A6BF-C7E6C58D218D}"
	ProjectSection(SolutionItems) = preProject
		.nuget\NuGet.Config = .nuget\NuGet.Config
		.nuget\NuGet.exe = .nuget\NuGet.exe
		.nuget\NuGet.targets = .nuget\NuGet.targets
	EndProjectSection
EndProject
Project("{FAE04EC0-301F-11D3-BF4B-00C04F79EFBC}") = "Tiles", "Tiles\Tiles.csproj", "{DEB794FD-F6C2-446F-BF03-0F8EDA40781C}"
EndProject
Project("{FAE04EC0-301F-11D3-BF4B-00C04F79EFBC}") = "UpdateAgent", "UpdateAgent\UpdateAgent.csproj", "{451AE6B8-7DE5-4D58-89D4-10F1963A54A5}"
EndProject
Project("{2150E333-8FDC-42A3-9474-1A3956D46DE8}") = "wp8", "wp8", "{25468441-D05F-4637-9F8D-111690BD3815}"
EndProject
Project("{FAE04EC0-301F-11D3-BF4B-00C04F79EFBC}") = "WindAuth", "..\WindAuth\WindAuth.csproj", "{11B317AC-EECC-4A95-A911-7DD05E8CCA62}"
EndProject
Project("{FAE04EC0-301F-11D3-BF4B-00C04F79EFBC}") = "StringResources", "StringResources\StringResources.csproj", "{C4EFA0B5-5F21-4953-BC94-DB552B2632FF}"
EndProject
Global
	GlobalSection(TeamFoundationVersionControl) = preSolution
		SccNumberOfProjects = 7
		SccEnterpriseProvider = {4CA58AB2-18FA-4F8D-95D4-32DDF27D184C}
		SccTeamFoundationServer = https://xvincentx.visualstudio.com/defaultcollection
		SccLocalPath0 = .
		SccProjectUniqueName1 = StringResources\\StringResources.csproj
		SccProjectTopLevelParentUniqueName1 = WindInfo.sln
		SccProjectName1 = StringResources
		SccLocalPath1 = StringResources
		SccProjectUniqueName2 = Tiles\\Tiles.csproj
		SccProjectTopLevelParentUniqueName2 = WindInfo.sln
		SccProjectName2 = Tiles
		SccLocalPath2 = Tiles
		SccProjectUniqueName3 = UpdateAgent\\UpdateAgent.csproj
		SccProjectTopLevelParentUniqueName3 = WindInfo.sln
		SccProjectName3 = UpdateAgent
		SccLocalPath3 = UpdateAgent
		SccProjectUniqueName4 = WindDataLib\\WindDataLib.csproj
		SccProjectTopLevelParentUniqueName4 = WindInfo.sln
		SccProjectName4 = WindDataLib
		SccLocalPath4 = WindDataLib
		SccProjectUniqueName5 = WindInfo\\WindInfo.csproj
		SccProjectTopLevelParentUniqueName5 = WindInfo.sln
		SccProjectName5 = WindInfo
		SccLocalPath5 = WindInfo
		SccProjectUniqueName6 = ..\\WindAuth\\WindAuth.csproj
		SccProjectName6 = ../WindAuth
		SccLocalPath6 = ..\\WindAuth
	EndGlobalSection
	GlobalSection(SolutionConfigurationPlatforms) = preSolution
		Debug|Any CPU = Debug|Any CPU
		Debug|ARM = Debug|ARM
		Debug|x64 = Debug|x64
		Debug|x86 = Debug|x86
		Release|Any CPU = Release|Any CPU
		Release|ARM = Release|ARM
		Release|x64 = Release|x64
		Release|x86 = Release|x86
	EndGlobalSection
	GlobalSection(ProjectConfigurationPlatforms) = postSolution
		{B7743785-70FD-41D9-9B27-0683EEFFEF5E}.Debug|Any CPU.ActiveCfg = Debug|Any CPU
		{B7743785-70FD-41D9-9B27-0683EEFFEF5E}.Debug|Any CPU.Build.0 = Debug|Any CPU
		{B7743785-70FD-41D9-9B27-0683EEFFEF5E}.Debug|Any CPU.Deploy.0 = Debug|Any CPU
		{B7743785-70FD-41D9-9B27-0683EEFFEF5E}.Debug|ARM.ActiveCfg = Debug|ARM
		{B7743785-70FD-41D9-9B27-0683EEFFEF5E}.Debug|ARM.Build.0 = Debug|ARM
		{B7743785-70FD-41D9-9B27-0683EEFFEF5E}.Debug|ARM.Deploy.0 = Debug|ARM
		{B7743785-70FD-41D9-9B27-0683EEFFEF5E}.Debug|x64.ActiveCfg = Debug|Any CPU
		{B7743785-70FD-41D9-9B27-0683EEFFEF5E}.Debug|x86.ActiveCfg = Debug|x86
		{B7743785-70FD-41D9-9B27-0683EEFFEF5E}.Debug|x86.Build.0 = Debug|x86
		{B7743785-70FD-41D9-9B27-0683EEFFEF5E}.Debug|x86.Deploy.0 = Debug|x86
		{B7743785-70FD-41D9-9B27-0683EEFFEF5E}.Release|Any CPU.ActiveCfg = Release|Any CPU
		{B7743785-70FD-41D9-9B27-0683EEFFEF5E}.Release|Any CPU.Build.0 = Release|Any CPU
		{B7743785-70FD-41D9-9B27-0683EEFFEF5E}.Release|Any CPU.Deploy.0 = Release|Any CPU
		{B7743785-70FD-41D9-9B27-0683EEFFEF5E}.Release|ARM.ActiveCfg = Release|ARM
		{B7743785-70FD-41D9-9B27-0683EEFFEF5E}.Release|ARM.Build.0 = Release|ARM
		{B7743785-70FD-41D9-9B27-0683EEFFEF5E}.Release|ARM.Deploy.0 = Release|ARM
		{B7743785-70FD-41D9-9B27-0683EEFFEF5E}.Release|x64.ActiveCfg = Release|Any CPU
		{B7743785-70FD-41D9-9B27-0683EEFFEF5E}.Release|x86.ActiveCfg = Release|x86
		{B7743785-70FD-41D9-9B27-0683EEFFEF5E}.Release|x86.Build.0 = Release|x86
		{B7743785-70FD-41D9-9B27-0683EEFFEF5E}.Release|x86.Deploy.0 = Release|x86
		{7EC3DEC4-C69E-4E47-961E-3B45C100D23E}.Debug|Any CPU.ActiveCfg = Debug|Any CPU
		{7EC3DEC4-C69E-4E47-961E-3B45C100D23E}.Debug|Any CPU.Build.0 = Debug|Any CPU
		{7EC3DEC4-C69E-4E47-961E-3B45C100D23E}.Debug|ARM.ActiveCfg = Debug|Any CPU
		{7EC3DEC4-C69E-4E47-961E-3B45C100D23E}.Debug|x64.ActiveCfg = Debug|Any CPU
		{7EC3DEC4-C69E-4E47-961E-3B45C100D23E}.Debug|x86.ActiveCfg = Debug|Any CPU
		{7EC3DEC4-C69E-4E47-961E-3B45C100D23E}.Release|Any CPU.ActiveCfg = Release|Any CPU
		{7EC3DEC4-C69E-4E47-961E-3B45C100D23E}.Release|Any CPU.Build.0 = Release|Any CPU
		{7EC3DEC4-C69E-4E47-961E-3B45C100D23E}.Release|ARM.ActiveCfg = Release|Any CPU
		{7EC3DEC4-C69E-4E47-961E-3B45C100D23E}.Release|x64.ActiveCfg = Release|Any CPU
		{7EC3DEC4-C69E-4E47-961E-3B45C100D23E}.Release|x86.ActiveCfg = Release|Any CPU
		{DEB794FD-F6C2-446F-BF03-0F8EDA40781C}.Debug|Any CPU.ActiveCfg = Debug|Any CPU
		{DEB794FD-F6C2-446F-BF03-0F8EDA40781C}.Debug|Any CPU.Build.0 = Debug|Any CPU
		{DEB794FD-F6C2-446F-BF03-0F8EDA40781C}.Debug|ARM.ActiveCfg = Debug|ARM
		{DEB794FD-F6C2-446F-BF03-0F8EDA40781C}.Debug|ARM.Build.0 = Debug|ARM
		{DEB794FD-F6C2-446F-BF03-0F8EDA40781C}.Debug|x64.ActiveCfg = Debug|Any CPU
		{DEB794FD-F6C2-446F-BF03-0F8EDA40781C}.Debug|x86.ActiveCfg = Debug|x86
		{DEB794FD-F6C2-446F-BF03-0F8EDA40781C}.Debug|x86.Build.0 = Debug|x86
		{DEB794FD-F6C2-446F-BF03-0F8EDA40781C}.Release|Any CPU.ActiveCfg = Release|Any CPU
		{DEB794FD-F6C2-446F-BF03-0F8EDA40781C}.Release|Any CPU.Build.0 = Release|Any CPU
		{DEB794FD-F6C2-446F-BF03-0F8EDA40781C}.Release|ARM.ActiveCfg = Release|ARM
		{DEB794FD-F6C2-446F-BF03-0F8EDA40781C}.Release|ARM.Build.0 = Release|ARM
		{DEB794FD-F6C2-446F-BF03-0F8EDA40781C}.Release|x64.ActiveCfg = Release|Any CPU
		{DEB794FD-F6C2-446F-BF03-0F8EDA40781C}.Release|x86.ActiveCfg = Release|x86
		{DEB794FD-F6C2-446F-BF03-0F8EDA40781C}.Release|x86.Build.0 = Release|x86
		{451AE6B8-7DE5-4D58-89D4-10F1963A54A5}.Debug|Any CPU.ActiveCfg = Debug|Any CPU
		{451AE6B8-7DE5-4D58-89D4-10F1963A54A5}.Debug|Any CPU.Build.0 = Debug|Any CPU
		{451AE6B8-7DE5-4D58-89D4-10F1963A54A5}.Debug|ARM.ActiveCfg = Debug|ARM
		{451AE6B8-7DE5-4D58-89D4-10F1963A54A5}.Debug|ARM.Build.0 = Debug|ARM
		{451AE6B8-7DE5-4D58-89D4-10F1963A54A5}.Debug|x64.ActiveCfg = Debug|Any CPU
		{451AE6B8-7DE5-4D58-89D4-10F1963A54A5}.Debug|x86.ActiveCfg = Debug|x86
		{451AE6B8-7DE5-4D58-89D4-10F1963A54A5}.Debug|x86.Build.0 = Debug|x86
		{451AE6B8-7DE5-4D58-89D4-10F1963A54A5}.Release|Any CPU.ActiveCfg = Release|Any CPU
		{451AE6B8-7DE5-4D58-89D4-10F1963A54A5}.Release|Any CPU.Build.0 = Release|Any CPU
		{451AE6B8-7DE5-4D58-89D4-10F1963A54A5}.Release|ARM.ActiveCfg = Release|ARM
		{451AE6B8-7DE5-4D58-89D4-10F1963A54A5}.Release|ARM.Build.0 = Release|ARM
		{451AE6B8-7DE5-4D58-89D4-10F1963A54A5}.Release|x64.ActiveCfg = Release|Any CPU
		{451AE6B8-7DE5-4D58-89D4-10F1963A54A5}.Release|x86.ActiveCfg = Release|x86
		{451AE6B8-7DE5-4D58-89D4-10F1963A54A5}.Release|x86.Build.0 = Release|x86
		{11B317AC-EECC-4A95-A911-7DD05E8CCA62}.Debug|Any CPU.ActiveCfg = Debug|Any CPU
		{11B317AC-EECC-4A95-A911-7DD05E8CCA62}.Debug|Any CPU.Build.0 = Debug|Any CPU
		{11B317AC-EECC-4A95-A911-7DD05E8CCA62}.Debug|ARM.ActiveCfg = Debug|Any CPU
		{11B317AC-EECC-4A95-A911-7DD05E8CCA62}.Debug|x64.ActiveCfg = Debug|Any CPU
		{11B317AC-EECC-4A95-A911-7DD05E8CCA62}.Debug|x86.ActiveCfg = Debug|Any CPU
		{11B317AC-EECC-4A95-A911-7DD05E8CCA62}.Release|Any CPU.ActiveCfg = Release|Any CPU
		{11B317AC-EECC-4A95-A911-7DD05E8CCA62}.Release|Any CPU.Build.0 = Release|Any CPU
		{11B317AC-EECC-4A95-A911-7DD05E8CCA62}.Release|ARM.ActiveCfg = Release|Any CPU
		{11B317AC-EECC-4A95-A911-7DD05E8CCA62}.Release|x64.ActiveCfg = Release|Any CPU
		{11B317AC-EECC-4A95-A911-7DD05E8CCA62}.Release|x86.ActiveCfg = Release|Any CPU
		{C4EFA0B5-5F21-4953-BC94-DB552B2632FF}.Debug|Any CPU.ActiveCfg = Debug|Any CPU
		{C4EFA0B5-5F21-4953-BC94-DB552B2632FF}.Debug|Any CPU.Build.0 = Debug|Any CPU
		{C4EFA0B5-5F21-4953-BC94-DB552B2632FF}.Debug|ARM.ActiveCfg = Debug|ARM
		{C4EFA0B5-5F21-4953-BC94-DB552B2632FF}.Debug|ARM.Build.0 = Debug|ARM
		{C4EFA0B5-5F21-4953-BC94-DB552B2632FF}.Debug|x64.ActiveCfg = Debug|Any CPU
		{C4EFA0B5-5F21-4953-BC94-DB552B2632FF}.Debug|x86.ActiveCfg = Debug|x86
		{C4EFA0B5-5F21-4953-BC94-DB552B2632FF}.Debug|x86.Build.0 = Debug|x86
		{C4EFA0B5-5F21-4953-BC94-DB552B2632FF}.Release|Any CPU.ActiveCfg = Release|Any CPU
		{C4EFA0B5-5F21-4953-BC94-DB552B2632FF}.Release|Any CPU.Build.0 = Release|Any CPU
		{C4EFA0B5-5F21-4953-BC94-DB552B2632FF}.Release|ARM.ActiveCfg = Release|ARM
		{C4EFA0B5-5F21-4953-BC94-DB552B2632FF}.Release|ARM.Build.0 = Release|ARM
		{C4EFA0B5-5F21-4953-BC94-DB552B2632FF}.Release|x64.ActiveCfg = Release|Any CPU
		{C4EFA0B5-5F21-4953-BC94-DB552B2632FF}.Release|x86.ActiveCfg = Release|x86
		{C4EFA0B5-5F21-4953-BC94-DB552B2632FF}.Release|x86.Build.0 = Release|x86
	EndGlobalSection
	GlobalSection(SolutionProperties) = preSolution
		HideSolutionNode = FALSE
	EndGlobalSection
	GlobalSection(NestedProjects) = preSolution
		{B7743785-70FD-41D9-9B27-0683EEFFEF5E} = {25468441-D05F-4637-9F8D-111690BD3815}
		{7EC3DEC4-C69E-4E47-961E-3B45C100D23E} = {25468441-D05F-4637-9F8D-111690BD3815}
		{DEB794FD-F6C2-446F-BF03-0F8EDA40781C} = {25468441-D05F-4637-9F8D-111690BD3815}
		{451AE6B8-7DE5-4D58-89D4-10F1963A54A5} = {25468441-D05F-4637-9F8D-111690BD3815}
		{C4EFA0B5-5F21-4953-BC94-DB552B2632FF} = {25468441-D05F-4637-9F8D-111690BD3815}
	EndGlobalSection
EndGlobal
